
Microsoft Visual Studio Solution File, Format Version 12.00
# Visual Studio Version 17
VisualStudioVersion = 17.4.33205.214
MinimumVisualStudioVersion = 10.0.40219.1
Project("{9A19103F-16F7-4668-BE54-9A1E7A4F7556}") = "Friendbook", "src\Friendbook\Friendbook.csproj", "{17405E01-EC73-4739-9EA7-937FEBC2E85B}"
EndProject
Project("{2150E333-8FDC-42A3-9474-1A3956D46DE8}") = "Solution Items", "Solution Items", "{FE3C14AF-AFCB-4646-BE74-32AE2C0B80C1}"
	ProjectSection(SolutionItems) = preProject
		.editorconfig = .editorconfig
	EndProjectSection
EndProject
Project("{9A19103F-16F7-4668-BE54-9A1E7A4F7556}") = "Friendbook.BusinessLayer", "src\Friendbook.BusinessLayer\Friendbook.BusinessLayer.csproj", "{1F23D2FC-E518-44AC-9FB1-48FF16FEB859}"
EndProject
Project("{9A19103F-16F7-4668-BE54-9A1E7A4F7556}") = "Friendbook.DataAccessLayer", "src\Friendbook.DataAccessLayer\Friendbook.DataAccessLayer.csproj", "{C16B8646-9239-4296-96A0-9A282216A242}"
EndProject
Project("{9A19103F-16F7-4668-BE54-9A1E7A4F7556}") = "Friendbook.Shared", "src\Friendbook.Shared\Friendbook.Shared.csproj", "{437DA003-1884-4E1B-B498-B38F247A14D1}"
EndProject
Project("{2150E333-8FDC-42A3-9474-1A3956D46DE8}") = "Tests", "Tests", "{D570616E-B4CD-428A-8BCE-FC459058B682}"
EndProject
Project("{9A19103F-16F7-4668-BE54-9A1E7A4F7556}") = "Friendbook.BusinessLayer.Tests", "tests\Friendbook.BusinessLayer.Tests\Friendbook.BusinessLayer.Tests.csproj", "{0123A5D3-63DD-448E-8865-CB564A0924E9}"
EndProject
Project("{FAE04EC0-301F-11D3-BF4B-00C04F79EFBC}") = "Friendbook.Tests", "tests\Friendbook.Tests\Friendbook.Tests.csproj", "{ECC317CD-ED1B-4D40-B2FD-81C35E32E4E6}"
EndProject
Global
	GlobalSection(SolutionConfigurationPlatforms) = preSolution
		Debug|Any CPU = Debug|Any CPU
		Release|Any CPU = Release|Any CPU
	EndGlobalSection
	GlobalSection(ProjectConfigurationPlatforms) = postSolution
		{17405E01-EC73-4739-9EA7-937FEBC2E85B}.Debug|Any CPU.ActiveCfg = Debug|Any CPU
		{17405E01-EC73-4739-9EA7-937FEBC2E85B}.Debug|Any CPU.Build.0 = Debug|Any CPU
		{17405E01-EC73-4739-9EA7-937FEBC2E85B}.Release|Any CPU.ActiveCfg = Release|Any CPU
		{17405E01-EC73-4739-9EA7-937FEBC2E85B}.Release|Any CPU.Build.0 = Release|Any CPU
		{1F23D2FC-E518-44AC-9FB1-48FF16FEB859}.Debug|Any CPU.ActiveCfg = Debug|Any CPU
		{1F23D2FC-E518-44AC-9FB1-48FF16FEB859}.Debug|Any CPU.Build.0 = Debug|Any CPU
		{1F23D2FC-E518-44AC-9FB1-48FF16FEB859}.Release|Any CPU.ActiveCfg = Release|Any CPU
		{1F23D2FC-E518-44AC-9FB1-48FF16FEB859}.Release|Any CPU.Build.0 = Release|Any CPU
		{C16B8646-9239-4296-96A0-9A282216A242}.Debug|Any CPU.ActiveCfg = Debug|Any CPU
		{C16B8646-9239-4296-96A0-9A282216A242}.Debug|Any CPU.Build.0 = Debug|Any CPU
		{C16B8646-9239-4296-96A0-9A282216A242}.Release|Any CPU.ActiveCfg = Release|Any CPU
		{C16B8646-9239-4296-96A0-9A282216A242}.Release|Any CPU.Build.0 = Release|Any CPU
		{437DA003-1884-4E1B-B498-B38F247A14D1}.Debug|Any CPU.ActiveCfg = Debug|Any CPU
		{437DA003-1884-4E1B-B498-B38F247A14D1}.Debug|Any CPU.Build.0 = Debug|Any CPU
		{437DA003-1884-4E1B-B498-B38F247A14D1}.Release|Any CPU.ActiveCfg = Release|Any CPU
		{437DA003-1884-4E1B-B498-B38F247A14D1}.Release|Any CPU.Build.0 = Release|Any CPU
		{0123A5D3-63DD-448E-8865-CB564A0924E9}.Debug|Any CPU.ActiveCfg = Debug|Any CPU
		{0123A5D3-63DD-448E-8865-CB564A0924E9}.Debug|Any CPU.Build.0 = Debug|Any CPU
		{0123A5D3-63DD-448E-8865-CB564A0924E9}.Release|Any CPU.ActiveCfg = Release|Any CPU
		{0123A5D3-63DD-448E-8865-CB564A0924E9}.Release|Any CPU.Build.0 = Release|Any CPU
		{ECC317CD-ED1B-4D40-B2FD-81C35E32E4E6}.Debug|Any CPU.ActiveCfg = Debug|Any CPU
		{ECC317CD-ED1B-4D40-B2FD-81C35E32E4E6}.Debug|Any CPU.Build.0 = Debug|Any CPU
		{ECC317CD-ED1B-4D40-B2FD-81C35E32E4E6}.Release|Any CPU.ActiveCfg = Release|Any CPU
		{ECC317CD-ED1B-4D40-B2FD-81C35E32E4E6}.Release|Any CPU.Build.0 = Release|Any CPU
	EndGlobalSection
	GlobalSection(SolutionProperties) = preSolution
		HideSolutionNode = FALSE
	EndGlobalSection
	GlobalSection(NestedProjects) = preSolution
		{0123A5D3-63DD-448E-8865-CB564A0924E9} = {D570616E-B4CD-428A-8BCE-FC459058B682}
		{ECC317CD-ED1B-4D40-B2FD-81C35E32E4E6} = {D570616E-B4CD-428A-8BCE-FC459058B682}
	EndGlobalSection
	GlobalSection(ExtensibilityGlobals) = postSolution
		SolutionGuid = {BC996E16-89C1-43AC-9E29-1A246BE0DA8D}
	EndGlobalSection
EndGlobal
